
Microsoft Visual Studio Solution File, Format Version 12.00
# Visual Studio Version 17
VisualStudioVersion = 17.9.34616.47
MinimumVisualStudioVersion = 10.0.40219.1
Project("{9A19103F-16F7-4668-BE54-9A1E7A4F7556}") = "ObjectDetectionLib", "ObjectDetectionLib\ObjectDetectionLib.csproj", "{FCFD984F-68D2-406C-A046-3CA47E1F37A0}"
EndProject
Project("{FAE04EC0-301F-11D3-BF4B-00C04F79EFBC}") = "SGMSetupUtil", "SGMSetupUtil\SGMSetupUtil.csproj", "{E06AB81C-7B3E-4C34-895D-8BD81474347B}"
EndProject
Global
	GlobalSection(SolutionConfigurationPlatforms) = preSolution
		Debug|Any CPU = Debug|Any CPU
		Release|Any CPU = Release|Any CPU
	EndGlobalSection
	GlobalSection(ProjectConfigurationPlatforms) = postSolution
		{FCFD984F-68D2-406C-A046-3CA47E1F37A0}.Debug|Any CPU.ActiveCfg = Debug|Any CPU
		{FCFD984F-68D2-406C-A046-3CA47E1F37A0}.Debug|Any CPU.Build.0 = Debug|Any CPU
		{FCFD984F-68D2-406C-A046-3CA47E1F37A0}.Release|Any CPU.ActiveCfg = Release|Any CPU
		{FCFD984F-68D2-406C-A046-3CA47E1F37A0}.Release|Any CPU.Build.0 = Release|Any CPU
		{E06AB81C-7B3E-4C34-895D-8BD81474347B}.Debug|Any CPU.ActiveCfg = Debug|Any CPU
		{E06AB81C-7B3E-4C34-895D-8BD81474347B}.Debug|Any CPU.Build.0 = Debug|Any CPU
		{E06AB81C-7B3E-4C34-895D-8BD81474347B}.Release|Any CPU.ActiveCfg = Release|Any CPU
		{E06AB81C-7B3E-4C34-895D-8BD81474347B}.Release|Any CPU.Build.0 = Release|Any CPU
	EndGlobalSection
	GlobalSection(SolutionProperties) = preSolution
		HideSolutionNode = FALSE
	EndGlobalSection
	GlobalSection(ExtensibilityGlobals) = postSolution
		SolutionGuid = {17EC76E7-F0D6-44E8-9189-0D654F7F7CB2}
	EndGlobalSection
EndGlobal
